{
  "version": 4,
  "terraform_version": "0.12.7",
  "serial": 236,
  "lineage": "d1ccb90b-8eb1-3313-2ee3-f81392904fed",
  "outputs": {
    "oci_core_vcn": {
      "value": "ocid1.vcn.oc1.ap-mumbai-1.aaaaaaaantymrsn25siqzotkbafvcfet5hjbxotrikjiqlygvxlzvzpv5qua",
      "type": "string"
    },
    "url": {
      "value": "http://140.238.231.242",
      "type": "string"
    }
  },
  "resources": [
    {
      "mode": "managed",
      "type": "oci_core_instance",
      "name": "test_instance",
      "provider": "provider.oci",
      "instances": [
        {
          "schema_version": 0,
          "attributes": {
            "agent_config": [
              {
                "is_monitoring_disabled": false
              }
            ],
            "availability_domain": "TnDu:AP-MUMBAI-1-AD-1",
            "boot_volume_id": "ocid1.bootvolume.oc1.ap-mumbai-1.abrg6ljrzjrcpjlfeszthnqabekxqtrvsisvdcw7wrhbd7ns36s7o5loev2q",
            "compartment_id": "ocid1.compartment.oc1..aaaaaaaamwbcbti7dsdbp24hhaazankhlt2lqb5qb7m4shw76lgzhngrgreq",
            "create_vnic_details": [
              {
                "assign_public_ip": "true",
                "defined_tags": {},
                "display_name": "instance20190912102306",
                "freeform_tags": {},
                "hostname_label": "",
                "nsg_ids": null,
                "private_ip": "10.0.1.2",
                "skip_source_dest_check": false,
                "subnet_id": "ocid1.subnet.oc1.ap-mumbai-1.aaaaaaaaabu6p3aovii2os4uyr2fc5kogq2egngn24nbg2dm44fujka3umsq"
              }
            ],
            "dedicated_vm_host_id": null,
            "defined_tags": {},
            "display_name": "instance20190912102306",
            "extended_metadata": null,
            "fault_domain": "FAULT-DOMAIN-1",
            "freeform_tags": {},
            "hostname_label": "",
            "id": "ocid1.instance.oc1.ap-mumbai-1.abrg6ljrusjrvkq5b3cctczkt6wmp6er7rlfs3ylnejtevl4lothmk4dgurq",
            "image": "ocid1.image.oc1.ap-mumbai-1.aaaaaaaaiwrlleoggcmmugbuogn3wfqj7bgqc2abfkox6aypoudgs5oji3xa",
            "ipxe_script": null,
            "is_pv_encryption_in_transit_enabled": null,
            "launch_mode": "NATIVE",
            "launch_options": [
              {
                "boot_volume_type": "PARAVIRTUALIZED",
                "firmware": "UEFI_64",
                "is_consistent_volume_naming_enabled": true,
                "is_pv_encryption_in_transit_enabled": true,
                "network_type": "VFIO",
                "remote_data_volume_type": "PARAVIRTUALIZED"
              }
            ],
            "metadata": {
              "ssh_authorized_keys": "ssh-rsa AAAAB3NzaC1yc2EAAAABJQAAAQEAhymyAJr5MkRfnTZP08JGvUlakI5Gc6n336+Ey+66Pim5W8JlvFjt1nwz4Ca1jbbKVLesULnRfGJmYsBsuSJRLgwrrCTEdusQaWXF/UTQanaYR7+lT7B7QwSp9w/PEe2h6O4aopw3ztfL0+gqGIOop9CtEwgij/VbY5LBzpQYSjTHvFVonzOsY4ifBpwq3oc2CBtzdg+xEbTd13xk6IsOStos7xh9UWOPkK8HunwKc8fcqjJXx/O0H3MEg/shTtZN066HQumf6iyLvR63DPDNpvGl1MC0B1ooFYnBpEygMPzwTbW/rA5WwaxvZiBApmivIUMi16u/dMiV4gFocDqBew==",
              "user_data": "IyEvYmluL3NoDQpta2RpciAvaG9tZS9vcGMvYQ0Kc3VkbyB5dW0gdXBkYXRlIC15DQpzdWRvIHl1bSBpbnN0YWxsIGh0dHBkIC15DQpzdWRvIHNlcnZpY2UgaHR0cGQgcmVzdGFydA0KZWNobyAiPGgxPjxiPkRlcGxveWVkIGZyb20gdGVycmFmb3JtPC9iPjwvaDE+IiA+PiAvdmFyL3d3dy9odG1sL2luZGV4Lmh0bWwNCnN1ZG8gaXB0YWJsZXMgLUkgSU5QVVQgLXAgdGNwIC1tIHRjcCAtLWRwb3J0IDgwIC1qIEFDQ0VQVA0Kc3VkbyBzZXJ2aWNlIGlwdGFibGVzIHNhdmUNCnN1ZG8gc2VydmljZSBpcHRhYmxlcyByZWxvYWQ="
            },
            "preserve_boot_volume": false,
            "private_ip": "10.0.1.2",
            "public_ip": "140.238.231.242",
            "region": "ap-mumbai-1",
            "shape": "VM.Standard2.1",
            "source_details": [
              {
                "boot_volume_size_in_gbs": "100",
                "kms_key_id": "",
                "source_id": "ocid1.image.oc1.ap-mumbai-1.aaaaaaaaiwrlleoggcmmugbuogn3wfqj7bgqc2abfkox6aypoudgs5oji3xa",
                "source_type": "image"
              }
            ],
            "state": "RUNNING",
            "subnet_id": "ocid1.subnet.oc1.ap-mumbai-1.aaaaaaaaabu6p3aovii2os4uyr2fc5kogq2egngn24nbg2dm44fujka3umsq",
            "time_created": "2019-09-12 10:23:06.819 +0000 UTC",
            "time_maintenance_reboot_due": "",
            "timeouts": null
          },
          "private": "eyJlMmJmYjczMC1lY2FhLTExZTYtOGY4OC0zNDM2M2JjN2M0YzAiOnsiY3JlYXRlIjo3MjAwMDAwMDAwMDAwLCJkZWxldGUiOjcyMDAwMDAwMDAwMDAsInVwZGF0ZSI6NzIwMDAwMDAwMDAwMH19",
          "depends_on": [
            "oci_core_subnet.mypub1"
          ]
        }
      ]
    },
    {
      "mode": "managed",
      "type": "oci_core_internet_gateway",
      "name": "test_internet_gateway",
      "provider": "provider.oci",
      "instances": [
        {
          "schema_version": 0,
          "attributes": {
            "compartment_id": "ocid1.compartment.oc1..aaaaaaaamwbcbti7dsdbp24hhaazankhlt2lqb5qb7m4shw76lgzhngrgreq",
            "defined_tags": {},
            "display_name": "myigw",
            "enabled": true,
            "freeform_tags": {},
            "id": "ocid1.internetgateway.oc1.ap-mumbai-1.aaaaaaaakellfnjjfev5464z2aym7jfi4qpr2jyojbnh257chaqzvej74qba",
            "state": "AVAILABLE",
            "time_created": "2019-09-12 10:23:04.793 +0000 UTC",
            "timeouts": null,
            "vcn_id": "ocid1.vcn.oc1.ap-mumbai-1.aaaaaaaantymrsn25siqzotkbafvcfet5hjbxotrikjiqlygvxlzvzpv5qua"
          },
          "private": "eyJlMmJmYjczMC1lY2FhLTExZTYtOGY4OC0zNDM2M2JjN2M0YzAiOnsiY3JlYXRlIjo5MDAwMDAwMDAwMDAsImRlbGV0ZSI6OTAwMDAwMDAwMDAwLCJ1cGRhdGUiOjkwMDAwMDAwMDAwMH19",
          "depends_on": [
            "oci_core_vcn.test_vcn"
          ]
        }
      ]
    },
    {
      "mode": "managed",
      "type": "oci_core_route_table",
      "name": "test_rt",
      "provider": "provider.oci",
      "instances": [
        {
          "schema_version": 0,
          "attributes": {
            "compartment_id": "ocid1.compartment.oc1..aaaaaaaamwbcbti7dsdbp24hhaazankhlt2lqb5qb7m4shw76lgzhngrgreq",
            "defined_tags": {},
            "display_name": "myrt",
            "freeform_tags": {},
            "id": "ocid1.routetable.oc1.ap-mumbai-1.aaaaaaaanmrbwt4o3gcfortpbbc7t7i4z2xhwcqxlab7of3ifpveodw2ww3q",
            "route_rules": [
              {
                "cidr_block": "",
                "destination": "0.0.0.0/0",
                "destination_type": "CIDR_BLOCK",
                "network_entity_id": "ocid1.internetgateway.oc1.ap-mumbai-1.aaaaaaaakellfnjjfev5464z2aym7jfi4qpr2jyojbnh257chaqzvej74qba"
              }
            ],
            "state": "AVAILABLE",
            "time_created": "2019-09-12 10:23:05.104 +0000 UTC",
            "timeouts": null,
            "vcn_id": "ocid1.vcn.oc1.ap-mumbai-1.aaaaaaaantymrsn25siqzotkbafvcfet5hjbxotrikjiqlygvxlzvzpv5qua"
          },
          "private": "eyJlMmJmYjczMC1lY2FhLTExZTYtOGY4OC0zNDM2M2JjN2M0YzAiOnsiY3JlYXRlIjo5MDAwMDAwMDAwMDAsImRlbGV0ZSI6OTAwMDAwMDAwMDAwLCJ1cGRhdGUiOjkwMDAwMDAwMDAwMH19",
          "depends_on": [
            "oci_core_internet_gateway.test_internet_gateway",
            "oci_core_vcn.test_vcn"
          ]
        }
      ]
    },
    {
      "mode": "managed",
      "type": "oci_core_security_list",
      "name": "test_security_list",
      "provider": "provider.oci",
      "instances": [
        {
          "schema_version": 0,
          "attributes": {
            "compartment_id": "ocid1.compartment.oc1..aaaaaaaamwbcbti7dsdbp24hhaazankhlt2lqb5qb7m4shw76lgzhngrgreq",
            "defined_tags": {},
            "display_name": "mysec1",
            "egress_security_rules": [
              {
                "destination": "0.0.0.0/0",
                "destination_type": "CIDR_BLOCK",
                "icmp_options": [],
                "protocol": "all",
                "stateless": false,
                "tcp_options": [],
                "udp_options": []
              }
            ],
            "freeform_tags": {},
            "id": "ocid1.securitylist.oc1.ap-mumbai-1.aaaaaaaap4eyacr2kl376n2sr7x437erqnirnd2uxx3ybtkfcw2x3jrowyxa",
            "ingress_security_rules": [
              {
                "icmp_options": [],
                "protocol": "6",
                "source": "0.0.0.0/0",
                "source_type": "CIDR_BLOCK",
                "stateless": false,
                "tcp_options": [
                  {
                    "max": 22,
                    "min": 22,
                    "source_port_range": []
                  }
                ],
                "udp_options": []
              },
              {
                "icmp_options": [],
                "protocol": "6",
                "source": "0.0.0.0/0",
                "source_type": "CIDR_BLOCK",
                "stateless": false,
                "tcp_options": [
                  {
                    "max": 80,
                    "min": 80,
                    "source_port_range": []
                  }
                ],
                "udp_options": []
              }
            ],
            "state": "AVAILABLE",
            "time_created": "2019-09-12 10:23:04.912 +0000 UTC",
            "timeouts": null,
            "vcn_id": "ocid1.vcn.oc1.ap-mumbai-1.aaaaaaaantymrsn25siqzotkbafvcfet5hjbxotrikjiqlygvxlzvzpv5qua"
          },
          "private": "eyJlMmJmYjczMC1lY2FhLTExZTYtOGY4OC0zNDM2M2JjN2M0YzAiOnsiY3JlYXRlIjo5MDAwMDAwMDAwMDAsImRlbGV0ZSI6OTAwMDAwMDAwMDAwLCJ1cGRhdGUiOjkwMDAwMDAwMDAwMH19",
          "depends_on": [
            "oci_core_vcn.test_vcn"
          ]
        }
      ]
    },
    {
      "mode": "managed",
      "type": "oci_core_subnet",
      "name": "mypriv1",
      "provider": "provider.oci",
      "instances": [
        {
          "schema_version": 0,
          "attributes": {
            "availability_domain": null,
            "cidr_block": "10.0.2.0/24",
            "compartment_id": "ocid1.compartment.oc1..aaaaaaaamwbcbti7dsdbp24hhaazankhlt2lqb5qb7m4shw76lgzhngrgreq",
            "defined_tags": {},
            "dhcp_options_id": "ocid1.dhcpoptions.oc1.ap-mumbai-1.aaaaaaaa2e5rkks43z55nlel7ansxaq2kiz7aiyehxtfxgx6xfi7gqq4sjva",
            "display_name": "mypriv1",
            "dns_label": null,
            "freeform_tags": {},
            "id": "ocid1.subnet.oc1.ap-mumbai-1.aaaaaaaajv7dkp7nvmdvgjowv7fj4relajtjflidm3genk5mdu3ngtdgy2jq",
            "ipv6cidr_block": null,
            "ipv6public_cidr_block": null,
            "ipv6virtual_router_ip": null,
            "prohibit_public_ip_on_vnic": true,
            "route_table_id": "ocid1.routetable.oc1.ap-mumbai-1.aaaaaaaanmrbwt4o3gcfortpbbc7t7i4z2xhwcqxlab7of3ifpveodw2ww3q",
            "security_list_ids": [
              "ocid1.securitylist.oc1.ap-mumbai-1.aaaaaaaap4eyacr2kl376n2sr7x437erqnirnd2uxx3ybtkfcw2x3jrowyxa"
            ],
            "state": "AVAILABLE",
            "subnet_domain_name": null,
            "time_created": "2019-09-12 10:23:05.623 +0000 UTC",
            "timeouts": null,
            "vcn_id": "ocid1.vcn.oc1.ap-mumbai-1.aaaaaaaantymrsn25siqzotkbafvcfet5hjbxotrikjiqlygvxlzvzpv5qua",
            "virtual_router_ip": "10.0.2.1",
            "virtual_router_mac": "00:00:17:E6:0F:02"
          },
          "private": "eyJlMmJmYjczMC1lY2FhLTExZTYtOGY4OC0zNDM2M2JjN2M0YzAiOnsiY3JlYXRlIjo5MDAwMDAwMDAwMDAsImRlbGV0ZSI6OTAwMDAwMDAwMDAwLCJ1cGRhdGUiOjkwMDAwMDAwMDAwMH19",
          "depends_on": [
            "oci_core_route_table.test_rt",
            "oci_core_security_list.test_security_list",
            "oci_core_vcn.test_vcn"
          ]
        }
      ]
    },
    {
      "mode": "managed",
      "type": "oci_core_subnet",
      "name": "mypub1",
      "provider": "provider.oci",
      "instances": [
        {
          "schema_version": 0,
          "attributes": {
            "availability_domain": null,
            "cidr_block": "10.0.1.0/24",
            "compartment_id": "ocid1.compartment.oc1..aaaaaaaamwbcbti7dsdbp24hhaazankhlt2lqb5qb7m4shw76lgzhngrgreq",
            "defined_tags": {},
            "dhcp_options_id": "ocid1.dhcpoptions.oc1.ap-mumbai-1.aaaaaaaa2e5rkks43z55nlel7ansxaq2kiz7aiyehxtfxgx6xfi7gqq4sjva",
            "display_name": "mypub1",
            "dns_label": null,
            "freeform_tags": {},
            "id": "ocid1.subnet.oc1.ap-mumbai-1.aaaaaaaaabu6p3aovii2os4uyr2fc5kogq2egngn24nbg2dm44fujka3umsq",
            "ipv6cidr_block": null,
            "ipv6public_cidr_block": null,
            "ipv6virtual_router_ip": null,
            "prohibit_public_ip_on_vnic": false,
            "route_table_id": "ocid1.routetable.oc1.ap-mumbai-1.aaaaaaaanmrbwt4o3gcfortpbbc7t7i4z2xhwcqxlab7of3ifpveodw2ww3q",
            "security_list_ids": [
              "ocid1.securitylist.oc1.ap-mumbai-1.aaaaaaaap4eyacr2kl376n2sr7x437erqnirnd2uxx3ybtkfcw2x3jrowyxa"
            ],
            "state": "AVAILABLE",
            "subnet_domain_name": null,
            "time_created": "2019-09-12 10:23:05.447 +0000 UTC",
            "timeouts": null,
            "vcn_id": "ocid1.vcn.oc1.ap-mumbai-1.aaaaaaaantymrsn25siqzotkbafvcfet5hjbxotrikjiqlygvxlzvzpv5qua",
            "virtual_router_ip": "10.0.1.1",
            "virtual_router_mac": "00:00:17:E6:0F:02"
          },
          "private": "eyJlMmJmYjczMC1lY2FhLTExZTYtOGY4OC0zNDM2M2JjN2M0YzAiOnsiY3JlYXRlIjo5MDAwMDAwMDAwMDAsImRlbGV0ZSI6OTAwMDAwMDAwMDAwLCJ1cGRhdGUiOjkwMDAwMDAwMDAwMH19",
          "depends_on": [
            "oci_core_route_table.test_rt",
            "oci_core_security_list.test_security_list",
            "oci_core_vcn.test_vcn"
          ]
        }
      ]
    },
    {
      "mode": "managed",
      "type": "oci_core_vcn",
      "name": "test_vcn",
      "provider": "provider.oci",
      "instances": [
        {
          "schema_version": 0,
          "attributes": {
            "cidr_block": "10.0.0.0/16",
            "compartment_id": "ocid1.compartment.oc1..aaaaaaaamwbcbti7dsdbp24hhaazankhlt2lqb5qb7m4shw76lgzhngrgreq",
            "default_dhcp_options_id": "ocid1.dhcpoptions.oc1.ap-mumbai-1.aaaaaaaa2e5rkks43z55nlel7ansxaq2kiz7aiyehxtfxgx6xfi7gqq4sjva",
            "default_route_table_id": "ocid1.routetable.oc1.ap-mumbai-1.aaaaaaaa2r544esnctlzenjjpoyfxhltv3jz4aghuhsqdhwpuimm2rf2g7sa",
            "default_security_list_id": "ocid1.securitylist.oc1.ap-mumbai-1.aaaaaaaamovi6gj33mvf5hwmb4vudqvfq5gvgysag33iec2g3uoda5d5vu5q",
            "defined_tags": {},
            "display_name": "myvcn",
            "dns_label": "myvcn",
            "freeform_tags": {},
            "id": "ocid1.vcn.oc1.ap-mumbai-1.aaaaaaaantymrsn25siqzotkbafvcfet5hjbxotrikjiqlygvxlzvzpv5qua",
            "ipv6cidr_block": null,
            "ipv6public_cidr_block": null,
            "is_ipv6enabled": null,
            "state": "AVAILABLE",
            "time_created": "2019-09-12 10:23:04.387 +0000 UTC",
            "timeouts": null,
            "vcn_domain_name": "myvcn.oraclevcn.com"
          },
          "private": "eyJlMmJmYjczMC1lY2FhLTExZTYtOGY4OC0zNDM2M2JjN2M0YzAiOnsiY3JlYXRlIjo5MDAwMDAwMDAwMDAsImRlbGV0ZSI6OTAwMDAwMDAwMDAwLCJ1cGRhdGUiOjkwMDAwMDAwMDAwMH19"
        }
      ]
    }
  ]
}
